
Microsoft Visual Studio Solution File, Format Version 12.00
# Visual Studio Version 16
VisualStudioVersion = 16.0.29709.97
MinimumVisualStudioVersion = 10.0.40219.1
Project("{FAE04EC0-301F-11D3-BF4B-00C04F79EFBC}") = "YkUser", "YkUser\YkUser.csproj", "{CD1FC1E5-9184-4265-8D75-72336F142767}"
EndProject
Global
	GlobalSection(SolutionConfigurationPlatforms) = preSolution
		Debug|Any CPU = Debug|Any CPU
		Release|Any CPU = Release|Any CPU
	EndGlobalSection
	GlobalSection(ProjectConfigurationPlatforms) = postSolution
		{CD1FC1E5-9184-4265-8D75-72336F142767}.Debug|Any CPU.ActiveCfg = Debug|Any CPU
		{CD1FC1E5-9184-4265-8D75-72336F142767}.Debug|Any CPU.Build.0 = Debug|Any CPU
		{CD1FC1E5-9184-4265-8D75-72336F142767}.Release|Any CPU.ActiveCfg = Release|Any CPU
		{CD1FC1E5-9184-4265-8D75-72336F142767}.Release|Any CPU.Build.0 = Release|Any CPU
	EndGlobalSection
	GlobalSection(SolutionProperties) = preSolution
		HideSolutionNode = FALSE
	EndGlobalSection
	GlobalSection(ExtensibilityGlobals) = postSolution
		SolutionGuid = {9E601E52-823F-47D4-B19F-3C7AE8989DAF}
	EndGlobalSection
EndGlobal
